
Microsoft Visual Studio Solution File, Format Version 12.00
# Visual Studio Version 16
VisualStudioVersion = 25.0.1706.7
MinimumVisualStudioVersion = 10.0.40219.1
Project("{FAE04EC0-301F-11D3-BF4B-00C04F79EFBC}") = "phoneword", "phoneword\phoneword.csproj", "{EEBC388D-C544-427F-A0EE-0113D75EB049}"
EndProject
Global
	GlobalSection(SolutionConfigurationPlatforms) = preSolution
		Debug|Any CPU = Debug|Any CPU
		Release|Any CPU = Release|Any CPU
	EndGlobalSection
	GlobalSection(ProjectConfigurationPlatforms) = postSolution
		{EEBC388D-C544-427F-A0EE-0113D75EB049}.Debug|Any CPU.ActiveCfg = Debug|Any CPU
		{EEBC388D-C544-427F-A0EE-0113D75EB049}.Debug|Any CPU.Build.0 = Debug|Any CPU
		{EEBC388D-C544-427F-A0EE-0113D75EB049}.Release|Any CPU.ActiveCfg = Release|Any CPU
		{EEBC388D-C544-427F-A0EE-0113D75EB049}.Release|Any CPU.Build.0 = Release|Any CPU
	EndGlobalSection
	GlobalSection(SolutionProperties) = preSolution
		HideSolutionNode = FALSE
	EndGlobalSection
	GlobalSection(ExtensibilityGlobals) = postSolution
		SolutionGuid = {29B01276-A4C5-438D-BC62-9BFEF5B2758C}
	EndGlobalSection
EndGlobal
